{
  "requires": true,
  "lockfileVersion": 1,
  "dependencies": {
    "@babel/runtime": {
      "version": "7.23.2",
      "resolved": "https://registry.npmjs.org/@babel/runtime/-/runtime-7.23.2.tgz",
      "integrity": "sha512-mM8eg4yl5D6i3lu2QKPuPH4FArvJ8KhTofbE7jwMUv9KX5mBvwPAqnV3MlyBNqdp9RyRKP6Yck8TrfYrPvX3bg==",
      "requires": {
        "regenerator-runtime": "^0.14.0"
      }
    },
    "@floating-ui/core": {
      "version": "1.5.0",
      "resolved": "https://registry.npmjs.org/@floating-ui/core/-/core-1.5.0.tgz",
      "integrity": "sha512-kK1h4m36DQ0UHGj5Ah4db7R0rHemTqqO0QLvUqi1/mUUp3LuAWbWxdxSIf/XsnH9VS6rRVPLJCncjRzUvyCLXg==",
      "requires": {
        "@floating-ui/utils": "^0.1.3"
      }
    },
    "@floating-ui/dom": {
      "version": "1.5.3",
      "resolved": "https://registry.npmjs.org/@floating-ui/dom/-/dom-1.5.3.tgz",
      "integrity": "sha512-ClAbQnEqJAKCJOEbbLo5IUlZHkNszqhuxS4fHAVxRPXPya6Ysf2G8KypnYcOTpx6I8xcgF9bbHb6g/2KpbV8qA==",
      "requires": {
        "@floating-ui/core": "^1.4.2",
        "@floating-ui/utils": "^0.1.3"
      }
    },
    "@floating-ui/react": {
      "version": "0.24.8",
      "resolved": "https://registry.npmjs.org/@floating-ui/react/-/react-0.24.8.tgz",
      "integrity": "sha512-AuYeDoaR8jtUlUXtZ1IJ/6jtBkGnSpJXbGNzokBL87VDJ8opMq1Bgrc0szhK482ReQY6KZsMoZCVSb4xwalkBA==",
      "requires": {
        "@floating-ui/react-dom": "^2.0.1",
        "aria-hidden": "^1.2.3",
        "tabbable": "^6.0.1"
      }
    },
    "@floating-ui/react-dom": {
      "version": "2.0.2",
      "resolved": "https://registry.npmjs.org/@floating-ui/react-dom/-/react-dom-2.0.2.tgz",
      "integrity": "sha512-5qhlDvjaLmAst/rKb3VdlCinwTF4EYMiVxuuc/HVUjs46W0zgtbMmAZ1UTsDrRTxRmUEzl92mOtWbeeXL26lSQ==",
      "requires": {
        "@floating-ui/dom": "^1.5.1"
      }
    },
    "@floating-ui/utils": {
      "version": "0.1.6",
      "resolved": "https://registry.npmjs.org/@floating-ui/utils/-/utils-0.1.6.tgz",
      "integrity": "sha512-OfX7E2oUDYxtBvsuS4e/jSn4Q9Qb6DzgeYtsAdkPZ47znpoNsMgZw0+tVijiv3uGNR6dgNlty6r9rzIzHjtd/A=="
    },
    "@mantine/carousel": {
      "version": "7.1.5",
      "resolved": "https://registry.npmjs.org/@mantine/carousel/-/carousel-7.1.5.tgz",
      "integrity": "sha512-3V40NtPGKnXks/quPrvY8OAuSYahGxS0CgnqMHADZS4yHukEEN8rAKC6g+JPGbXRFEGUbRXPDAEvlkcKHN5Ykg=="
    },
    "@mantine/code-highlight": {
      "version": "7.1.5",
      "resolved": "https://registry.npmjs.org/@mantine/code-highlight/-/code-highlight-7.1.5.tgz",
      "integrity": "sha512-TDjA/TZJlG/fMoSCrjaQTKWinYbXBjhA1Hxg0Rwv1Vzy3vdG3FeHcPl3vUVBVIHW6hJY7qH6QH7bU3wv3J2PzQ==",
      "requires": {
        "clsx": "2.0.0",
        "highlight.js": "^11.7.0"
      }
    },
    "@mantine/core": {
      "version": "7.1.5",
      "resolved": "https://registry.npmjs.org/@mantine/core/-/core-7.1.5.tgz",
      "integrity": "sha512-4jBuy26V4Wdrt7r2dT6d3SKSyU9Gfzxp0ycVTBd2FUb6PvsI/xyZIn8T/aHsJFQ1L5p7IHPcJCIThbmBpVvVtA==",
      "requires": {
        "@floating-ui/react": "^0.24.8",
        "clsx": "2.0.0",
        "react-number-format": "^5.2.2",
        "react-remove-scroll": "^2.5.6",
        "react-textarea-autosize": "8.5.3",
        "type-fest": "^3.13.1"
      }
    },
    "@mantine/dates": {
      "version": "7.1.5",
      "resolved": "https://registry.npmjs.org/@mantine/dates/-/dates-7.1.5.tgz",
      "integrity": "sha512-rvlOFcjTpYQ8SFBH8fPWeIaBTXfhZUg5Rq7ANBD/6jizWN9I9bZIXIBan6Q4fA2i90eU6u6tidzeIsr1s4fU7w==",
      "requires": {
        "clsx": "2.0.0"
      }
    },
    "@mantine/form": {
      "version": "7.1.5",
      "resolved": "https://registry.npmjs.org/@mantine/form/-/form-7.1.5.tgz",
      "integrity": "sha512-icBVvmkYdbD1Nea63GyPv0dF7Dq7kJUfIelFpG+BFLhCh/ctiCN+zL6PRGaXYtB9RDTN+/cyaHyvyRlCbtWQPg==",
      "requires": {
        "fast-deep-equal": "^3.1.3",
        "klona": "^2.0.5"
      }
    },
    "@mantine/hooks": {
      "version": "7.1.5",
      "resolved": "https://registry.npmjs.org/@mantine/hooks/-/hooks-7.1.5.tgz",
      "integrity": "sha512-LuKlJ5VDLYBMcleyKcL6nvcJZQaeJF4mIU5ryEiucy7IleZoD+lqWwNC1VAAN1fsjBRQfhFtFoRihUdIy/vDCA=="
    },
    "@mantine/modals": {
      "version": "7.1.5",
      "resolved": "https://registry.npmjs.org/@mantine/modals/-/modals-7.1.5.tgz",
      "integrity": "sha512-VI3stQ2bqPQEhsqQdeBEhwK/Mi2iKlio+Y5TX1jaiYVbrB0WHdC2tGh2oY9W4ehsAkkX7OYbu8+L7hn9IGO3pw=="
    },
    "@mantine/notifications": {
      "version": "7.1.5",
      "resolved": "https://registry.npmjs.org/@mantine/notifications/-/notifications-7.1.5.tgz",
      "integrity": "sha512-/WRxNNgPvRr4munHjCTZaMVjSIpz8ydheccpPGrqOgAN/zfPNWYYcv7kaqXdlb+ag9ZMFsixQB97svvhCRxPCA==",
      "requires": {
        "@mantine/store": "7.1.5",
        "react-transition-group": "4.4.5"
      }
    },
    "@mantine/store": {
      "version": "7.1.5",
      "resolved": "https://registry.npmjs.org/@mantine/store/-/store-7.1.5.tgz",
      "integrity": "sha512-iPAt8auWyUs5TyUr31MziCILlLCYCfw6fSqPvLxOwUYpSf9BvtCAoE9JmrRrVi2q5+xO0KPSyK+OHWyBwsAqcQ=="
    },
    "@mantine/tiptap": {
      "version": "7.1.5",
      "resolved": "https://registry.npmjs.org/@mantine/tiptap/-/tiptap-7.1.5.tgz",
      "integrity": "sha512-5xDQGTap/PcMxVqjbUwKewLH4IzMh4oiyb2ynt+m3SrtgsRSw+HqkdoPsX4NjnB71khjwok/QCdKfUjF5gdU3A=="
    },
    "@nodelib/fs.scandir": {
      "version": "2.1.5",
      "resolved": "https://registry.npmjs.org/@nodelib/fs.scandir/-/fs.scandir-2.1.5.tgz",
      "integrity": "sha512-vq24Bq3ym5HEQm2NKCr3yXDwjc7vTsEThRDnkp2DK9p1uqLR+DHurm/NOTo0KG7HYHU7eppKZj3MyqYuMBf62g==",
      "dev": true,
      "requires": {
        "@nodelib/fs.stat": "2.0.5",
        "run-parallel": "^1.1.9"
      }
    },
    "@nodelib/fs.stat": {
      "version": "2.0.5",
      "resolved": "https://registry.npmjs.org/@nodelib/fs.stat/-/fs.stat-2.0.5.tgz",
      "integrity": "sha512-RkhPPp2zrqDAQA/2jNhnztcPAlv64XdhIp7a7454A5ovI7Bukxgt7MX7udwAu3zg1DcpPU0rz3VV1SeaqvY4+A==",
      "dev": true
    },
    "@nodelib/fs.walk": {
      "version": "1.2.8",
      "resolved": "https://registry.npmjs.org/@nodelib/fs.walk/-/fs.walk-1.2.8.tgz",
      "integrity": "sha512-oGB+UxlgWcgQkgwo8GcEGwemoTFt3FIO9ababBmaGwXIoBKZ+GTy0pP185beGg7Llih/NSHSV2XAs1lnznocSg==",
      "dev": true,
      "requires": {
        "@nodelib/fs.scandir": "2.1.5",
        "fastq": "^1.6.0"
      }
    },
    "@popperjs/core": {
      "version": "2.11.8",
      "resolved": "https://registry.npmjs.org/@popperjs/core/-/core-2.11.8.tgz",
      "integrity": "sha512-P1st0aksCrn9sGZhp8GMYwBnQsbvAWsZAX44oXNNvLHGqAOcoVxmjZiohstwQ7SqKnbR47akdNi+uleWD8+g6A=="
    },
    "@tabler/icons": {
      "version": "2.39.0",
      "resolved": "https://registry.npmjs.org/@tabler/icons/-/icons-2.39.0.tgz",
      "integrity": "sha512-iK3j2jIEGIUaJcbYYg5iwyG1Y/m4lzUxAUbxRpvgeXCWP29jvZaH5hajZmU3KaSealddHuJg7PSQislPHpCsoQ=="
    },
    "@tabler/icons-react": {
      "version": "2.39.0",
      "resolved": "https://registry.npmjs.org/@tabler/icons-react/-/icons-react-2.39.0.tgz",
      "integrity": "sha512-MyUK1jqtmHPZBnDXqIc1Y5OnfoqG+tGaSB1/gcl0mlY462fJ5f3QB0ZIZzAHMAGYb6K2iJSdFIFavhcgpDDZ7Q==",
      "requires": {
        "@tabler/icons": "2.39.0",
        "prop-types": "^15.7.2"
      }
    },
    "@tiptap/core": {
      "version": "2.1.12",
      "resolved": "https://registry.npmjs.org/@tiptap/core/-/core-2.1.12.tgz",
      "integrity": "sha512-ZGc3xrBJA9KY8kln5AYTj8y+GDrKxi7u95xIl2eccrqTY5CQeRu6HRNM1yT4mAjuSaG9jmazyjGRlQuhyxCKxQ=="
    },
    "@tiptap/extension-blockquote": {
      "version": "2.1.12",
      "resolved": "https://registry.npmjs.org/@tiptap/extension-blockquote/-/extension-blockquote-2.1.12.tgz",
      "integrity": "sha512-Qb3YRlCfugx9pw7VgLTb+jY37OY4aBJeZnqHzx4QThSm13edNYjasokbX0nTwL1Up4NPTcY19JUeHt6fVaVVGg=="
    },
    "@tiptap/extension-bold": {
      "version": "2.1.12",
      "resolved": "https://registry.npmjs.org/@tiptap/extension-bold/-/extension-bold-2.1.12.tgz",
      "integrity": "sha512-AZGxIxcGU1/y6V2YEbKsq6BAibL8yQrbRm6EdcBnby41vj1WziewEKswhLGmZx5IKM2r2ldxld03KlfSIlKQZg=="
    },
    "@tiptap/extension-bubble-menu": {
      "version": "2.1.12",
      "resolved": "https://registry.npmjs.org/@tiptap/extension-bubble-menu/-/extension-bubble-menu-2.1.12.tgz",
      "integrity": "sha512-gAGi21EQ4wvLmT7klgariAc2Hf+cIjaNU2NWze3ut6Ku9gUo5ZLqj1t9SKHmNf4d5JG63O8GxpErqpA7lHlRtw==",
      "requires": {
        "tippy.js": "^6.3.7"
      }
    },
    "@tiptap/extension-bullet-list": {
      "version": "2.1.12",
      "resolved": "https://registry.npmjs.org/@tiptap/extension-bullet-list/-/extension-bullet-list-2.1.12.tgz",
      "integrity": "sha512-vtD8vWtNlmAZX8LYqt2yU9w3mU9rPCiHmbp4hDXJs2kBnI0Ju/qAyXFx6iJ3C3XyuMnMbJdDI9ee0spAvFz7cQ=="
    },
    "@tiptap/extension-code": {
      "version": "2.1.12",
      "resolved": "https://registry.npmjs.org/@tiptap/extension-code/-/extension-code-2.1.12.tgz",
      "integrity": "sha512-CRiRq5OTC1lFgSx6IMrECqmtb93a0ZZKujEnaRhzWliPBjLIi66va05f/P1vnV6/tHaC3yfXys6dxB5A4J8jxw=="
    },
    "@tiptap/extension-code-block": {
      "version": "2.1.12",
      "resolved": "https://registry.npmjs.org/@tiptap/extension-code-block/-/extension-code-block-2.1.12.tgz",
      "integrity": "sha512-RXtSYCVsnk8D+K80uNZShClfZjvv1EgO42JlXLVGWQdIgaNyuOv/6I/Jdf+ZzhnpsBnHufW+6TJjwP5vJPSPHA=="
    },
    "@tiptap/extension-document": {
      "version": "2.1.12",
      "resolved": "https://registry.npmjs.org/@tiptap/extension-document/-/extension-document-2.1.12.tgz",
      "integrity": "sha512-0QNfAkCcFlB9O8cUNSwTSIQMV9TmoEhfEaLz/GvbjwEq4skXK3bU+OQX7Ih07waCDVXIGAZ7YAZogbvrn/WbOw=="
    },
    "@tiptap/extension-dropcursor": {
      "version": "2.1.12",
      "resolved": "https://registry.npmjs.org/@tiptap/extension-dropcursor/-/extension-dropcursor-2.1.12.tgz",
      "integrity": "sha512-0tT/q8nL4NBCYPxr9T0Brck+RQbWuczm9nV0bnxgt0IiQXoRHutfPWdS7GA65PTuVRBS/3LOco30fbjFhkfz/A=="
    },
    "@tiptap/extension-floating-menu": {
      "version": "2.1.12",
      "resolved": "https://registry.npmjs.org/@tiptap/extension-floating-menu/-/extension-floating-menu-2.1.12.tgz",
      "integrity": "sha512-uo0ydCJNg6AWwLT6cMUJYVChfvw2PY9ZfvKRhh9YJlGfM02jS4RUG/bJBts6R37f+a5FsOvAVwg8EvqPlNND1A==",
      "requires": {
        "tippy.js": "^6.3.7"
      }
    },
    "@tiptap/extension-gapcursor": {
      "version": "2.1.12",
      "resolved": "https://registry.npmjs.org/@tiptap/extension-gapcursor/-/extension-gapcursor-2.1.12.tgz",
      "integrity": "sha512-zFYdZCqPgpwoB7whyuwpc8EYLYjUE5QYKb8vICvc+FraBUDM51ujYhFSgJC3rhs8EjI+8GcK8ShLbSMIn49YOQ=="
    },
    "@tiptap/extension-hard-break": {
      "version": "2.1.12",
      "resolved": "https://registry.npmjs.org/@tiptap/extension-hard-break/-/extension-hard-break-2.1.12.tgz",
      "integrity": "sha512-nqKcAYGEOafg9D+2cy1E4gHNGuL12LerVa0eS2SQOb+PT8vSel9OTKU1RyZldsWSQJ5rq/w4uIjmLnrSR2w6Yw=="
    },
    "@tiptap/extension-heading": {
      "version": "2.1.12",
      "resolved": "https://registry.npmjs.org/@tiptap/extension-heading/-/extension-heading-2.1.12.tgz",
      "integrity": "sha512-MoANP3POAP68Ko9YXarfDKLM/kXtscgp6m+xRagPAghRNujVY88nK1qBMZ3JdvTVN6b/ATJhp8UdrZX96TLV2w=="
    },
    "@tiptap/extension-history": {
      "version": "2.1.12",
      "resolved": "https://registry.npmjs.org/@tiptap/extension-history/-/extension-history-2.1.12.tgz",
      "integrity": "sha512-6b7UFVkvPjq3LVoCTrYZAczt5sQrQUaoDWAieVClVZoFLfjga2Fwjcfgcie8IjdPt8YO2hG/sar/c07i9vM0Sg=="
    },
    "@tiptap/extension-horizontal-rule": {
      "version": "2.1.12",
      "resolved": "https://registry.npmjs.org/@tiptap/extension-horizontal-rule/-/extension-horizontal-rule-2.1.12.tgz",
      "integrity": "sha512-RRuoK4KxrXRrZNAjJW5rpaxjiP0FJIaqpi7nFbAua2oHXgsCsG8qbW2Y0WkbIoS8AJsvLZ3fNGsQ8gpdliuq3A=="
    },
    "@tiptap/extension-italic": {
      "version": "2.1.12",
      "resolved": "https://registry.npmjs.org/@tiptap/extension-italic/-/extension-italic-2.1.12.tgz",
      "integrity": "sha512-/XYrW4ZEWyqDvnXVKbgTXItpJOp2ycswk+fJ3vuexyolO6NSs0UuYC6X4f+FbHYL5VuWqVBv7EavGa+tB6sl3A=="
    },
    "@tiptap/extension-link": {
      "version": "2.1.12",
      "resolved": "https://registry.npmjs.org/@tiptap/extension-link/-/extension-link-2.1.12.tgz",
      "integrity": "sha512-Sti5hhlkCqi5vzdQjU/gbmr8kb578p+u0J4kWS+SSz3BknNThEm/7Id67qdjBTOQbwuN07lHjDaabJL0hSkzGQ==",
      "requires": {
        "linkifyjs": "^4.1.0"
      }
    },
    "@tiptap/extension-list-item": {
      "version": "2.1.12",
      "resolved": "https://registry.npmjs.org/@tiptap/extension-list-item/-/extension-list-item-2.1.12.tgz",
      "integrity": "sha512-Gk7hBFofAPmNQ8+uw8w5QSsZOMEGf7KQXJnx5B022YAUJTYYxO3jYVuzp34Drk9p+zNNIcXD4kc7ff5+nFOTrg=="
    },
    "@tiptap/extension-ordered-list": {
      "version": "2.1.12",
      "resolved": "https://registry.npmjs.org/@tiptap/extension-ordered-list/-/extension-ordered-list-2.1.12.tgz",
      "integrity": "sha512-tF6VGl+D2avCgn9U/2YLJ8qVmV6sPE/iEzVAFZuOSe6L0Pj7SQw4K6AO640QBob/d8VrqqJFHCb6l10amJOnXA=="
    },
    "@tiptap/extension-paragraph": {
      "version": "2.1.12",
      "resolved": "https://registry.npmjs.org/@tiptap/extension-paragraph/-/extension-paragraph-2.1.12.tgz",
      "integrity": "sha512-hoH/uWPX+KKnNAZagudlsrr4Xu57nusGekkJWBcrb5MCDE91BS+DN2xifuhwXiTHxnwOMVFjluc0bPzQbkArsw=="
    },
    "@tiptap/extension-strike": {
      "version": "2.1.12",
      "resolved": "https://registry.npmjs.org/@tiptap/extension-strike/-/extension-strike-2.1.12.tgz",
      "integrity": "sha512-HlhrzIjYUT8oCH9nYzEL2QTTn8d1ECnVhKvzAe6x41xk31PjLMHTUy8aYjeQEkWZOWZ34tiTmslV1ce6R3Dt8g=="
    },
    "@tiptap/extension-text": {
      "version": "2.1.12",
      "resolved": "https://registry.npmjs.org/@tiptap/extension-text/-/extension-text-2.1.12.tgz",
      "integrity": "sha512-rCNUd505p/PXwU9Jgxo4ZJv4A3cIBAyAqlx/dtcY6cjztCQuXJhuQILPhjGhBTOLEEL4kW2wQtqzCmb7O8i2jg=="
    },
    "@tiptap/react": {
      "version": "2.1.12",
      "resolved": "https://registry.npmjs.org/@tiptap/react/-/react-2.1.12.tgz",
      "integrity": "sha512-RMO4QmmpL7sPR7w8o1Wq0hrUe/ttHzsn5I/eWwqg1d3fGx5y9mOdfCoQ9XBtm49Xzdejy3QVzt4zYp9fX0X/xg==",
      "requires": {
        "@tiptap/extension-bubble-menu": "^2.1.12",
        "@tiptap/extension-floating-menu": "^2.1.12"
      }
    },
    "@tiptap/starter-kit": {
      "version": "2.1.12",
      "resolved": "https://registry.npmjs.org/@tiptap/starter-kit/-/starter-kit-2.1.12.tgz",
      "integrity": "sha512-+RoP1rWV7rSCit2+3wl2bjvSRiePRJE/7YNKbvH8Faz/+AMO23AFegHoUFynR7U0ouGgYDljGkkj35e0asbSDA==",
      "requires": {
        "@tiptap/core": "^2.1.12",
        "@tiptap/extension-blockquote": "^2.1.12",
        "@tiptap/extension-bold": "^2.1.12",
        "@tiptap/extension-bullet-list": "^2.1.12",
        "@tiptap/extension-code": "^2.1.12",
        "@tiptap/extension-code-block": "^2.1.12",
        "@tiptap/extension-document": "^2.1.12",
        "@tiptap/extension-dropcursor": "^2.1.12",
        "@tiptap/extension-gapcursor": "^2.1.12",
        "@tiptap/extension-hard-break": "^2.1.12",
        "@tiptap/extension-heading": "^2.1.12",
        "@tiptap/extension-history": "^2.1.12",
        "@tiptap/extension-horizontal-rule": "^2.1.12",
        "@tiptap/extension-italic": "^2.1.12",
        "@tiptap/extension-list-item": "^2.1.12",
        "@tiptap/extension-ordered-list": "^2.1.12",
        "@tiptap/extension-paragraph": "^2.1.12",
        "@tiptap/extension-strike": "^2.1.12",
        "@tiptap/extension-text": "^2.1.12"
      }
    },
    "aria-hidden": {
      "version": "1.2.3",
      "resolved": "https://registry.npmjs.org/aria-hidden/-/aria-hidden-1.2.3.tgz",
      "integrity": "sha512-xcLxITLe2HYa1cnYnwCjkOO1PqUHQpozB8x9AR0OgWN2woOBi5kSDVxKfd0b7sb1hw5qFeJhXm9H1nu3xSfLeQ==",
      "requires": {
        "tslib": "^2.0.0"
      }
    },
    "braces": {
      "version": "3.0.2",
      "resolved": "https://registry.npmjs.org/braces/-/braces-3.0.2.tgz",
      "integrity": "sha512-b8um+L1RzM3WDSzvhm6gIz1yfTbBt6YTlcEKAvsmqCZZFw46z626lVj9j1yEPW33H5H+lBQpZMP1k8l+78Ha0A==",
      "dev": true,
      "requires": {
        "fill-range": "^7.0.1"
      }
    },
    "camelcase-css": {
      "version": "2.0.1",
      "resolved": "https://registry.npmjs.org/camelcase-css/-/camelcase-css-2.0.1.tgz",
      "integrity": "sha512-QOSvevhslijgYwRx6Rv7zKdMF8lbRmx+uQGx2+vDc+KI/eBnsy9kit5aj23AgGu3pa4t9AgwbnXWqS+iOY+2aA==",
      "dev": true
    },
    "clsx": {
      "version": "2.0.0",
      "resolved": "https://registry.npmjs.org/clsx/-/clsx-2.0.0.tgz",
      "integrity": "sha512-rQ1+kcj+ttHG0MKVGBUXwayCCF1oh39BF5COIpRzuCEv8Mwjv0XucrI2ExNTOn9IlLifGClWQcU9BrZORvtw6Q=="
    },
    "cssesc": {
      "version": "3.0.0",
      "resolved": "https://registry.npmjs.org/cssesc/-/cssesc-3.0.0.tgz",
      "integrity": "sha512-/Tb/JcjK111nNScGob5MNtsntNM1aCNUDipB/TkwZFhyDrrE47SOx/18wF2bbjgc3ZzCSKW1T5nt5EbFoAz/Vg==",
      "dev": true
    },
    "csstype": {
      "version": "3.1.2",
      "resolved": "https://registry.npmjs.org/csstype/-/csstype-3.1.2.tgz",
      "integrity": "sha512-I7K1Uu0MBPzaFKg4nI5Q7Vs2t+3gWWW648spaF+Rg7pI9ds18Ugn+lvg4SHczUdKlHI5LWBXyqfS8+DufyBsgQ=="
    },
    "dayjs": {
      "version": "1.11.10",
      "resolved": "https://registry.npmjs.org/dayjs/-/dayjs-1.11.10.tgz",
      "integrity": "sha512-vjAczensTgRcqDERK0SR2XMwsF/tSvnvlv6VcF2GIhg6Sx4yOIt/irsr1RDJsKiIyBzJDpCoXiWWq28MqH2cnQ=="
    },
    "detect-node-es": {
      "version": "1.1.0",
      "resolved": "https://registry.npmjs.org/detect-node-es/-/detect-node-es-1.1.0.tgz",
      "integrity": "sha512-ypdmJU/TbBby2Dxibuv7ZLW3Bs1QEmM7nHjEANfohJLvE0XVujisn1qPJcZxg+qDucsr+bP6fLD1rPS3AhJ7EQ=="
    },
    "dom-helpers": {
      "version": "5.2.1",
      "resolved": "https://registry.npmjs.org/dom-helpers/-/dom-helpers-5.2.1.tgz",
      "integrity": "sha512-nRCa7CK3VTrM2NmGkIy4cbK7IZlgBE/PYMn55rrXefr5xXDP0LdtfPnblFDoVdcAfslJ7or6iqAUnx0CCGIWQA==",
      "requires": {
        "@babel/runtime": "^7.8.7",
        "csstype": "^3.0.2"
      }
    },
    "embla-carousel": {
      "version": "8.0.0-rc14",
      "resolved": "https://registry.npmjs.org/embla-carousel/-/embla-carousel-8.0.0-rc14.tgz",
      "integrity": "sha512-/NLkMFZ7xKryRVYeUjmhbfV63Vr07saPBDwAX2TPMbcaiWwfQfU5Xsc2AiCMZANtwmzsjRK6gSBa7hOy/VXu6g=="
    },
    "embla-carousel-react": {
      "version": "8.0.0-rc14",
      "resolved": "https://registry.npmjs.org/embla-carousel-react/-/embla-carousel-react-8.0.0-rc14.tgz",
      "integrity": "sha512-2b9vXACEcn0qja4QyaFMfCgFbFhumV3krOCGr9+jlQiuXt5z/EyfiYYziDsm70DhTtxtg/uKEGflIqZSfWRYKg==",
      "requires": {
        "embla-carousel": "8.0.0-rc14",
        "embla-carousel-reactive-utils": "8.0.0-rc14"
      }
    },
    "embla-carousel-reactive-utils": {
      "version": "8.0.0-rc14",
      "resolved": "https://registry.npmjs.org/embla-carousel-reactive-utils/-/embla-carousel-reactive-utils-8.0.0-rc14.tgz",
      "integrity": "sha512-r153bynAo9eTBuWWggPWLYnE9xqVOYmkkeMbAuGX8pkUisJN8aTLMW9b7CYOzjURRB7z85EmYRbeBg+axQzc9g=="
    },
    "fast-deep-equal": {
      "version": "3.1.3",
      "resolved": "https://registry.npmjs.org/fast-deep-equal/-/fast-deep-equal-3.1.3.tgz",
      "integrity": "sha512-f3qQ9oQy9j2AhBe/H9VC91wLmKBCCU/gDOnKNAYG5hswO7BLKj09Hc5HYNz9cGI++xlpDCIgDaitVs03ATR84Q=="
    },
    "fast-glob": {
      "version": "3.3.1",
      "resolved": "https://registry.npmjs.org/fast-glob/-/fast-glob-3.3.1.tgz",
      "integrity": "sha512-kNFPyjhh5cKjrUltxs+wFx+ZkbRaxxmZ+X0ZU31SOsxCEtP9VPgtq2teZw1DebupL5GmDaNQ6yKMMVcM41iqDg==",
      "dev": true,
      "requires": {
        "@nodelib/fs.stat": "^2.0.2",
        "@nodelib/fs.walk": "^1.2.3",
        "glob-parent": "^5.1.2",
        "merge2": "^1.3.0",
        "micromatch": "^4.0.4"
      }
    },
    "fastq": {
      "version": "1.15.0",
      "resolved": "https://registry.npmjs.org/fastq/-/fastq-1.15.0.tgz",
      "integrity": "sha512-wBrocU2LCXXa+lWBt8RoIRD89Fi8OdABODa/kEnyeyjS5aZO5/GNvI5sEINADqP/h8M29UHTHUb53sUu5Ihqdw==",
      "dev": true,
      "requires": {
        "reusify": "^1.0.4"
      }
    },
    "fill-range": {
      "version": "7.0.1",
      "resolved": "https://registry.npmjs.org/fill-range/-/fill-range-7.0.1.tgz",
      "integrity": "sha512-qOo9F+dMUmC2Lcb4BbVvnKJxTPjCm+RRpe4gDuGrzkL7mEVl/djYSu2OdQ2Pa302N4oqkSg9ir6jaLWJ2USVpQ==",
      "dev": true,
      "requires": {
        "to-regex-range": "^5.0.1"
      }
    },
    "get-nonce": {
      "version": "1.0.1",
      "resolved": "https://registry.npmjs.org/get-nonce/-/get-nonce-1.0.1.tgz",
      "integrity": "sha512-FJhYRoDaiatfEkUK8HKlicmu/3SGFD51q3itKDGoSTysQJBnfOcxU5GxnhE1E6soB76MbT0MBtnKJuXyAx+96Q=="
    },
    "glob-parent": {
      "version": "5.1.2",
      "resolved": "https://registry.npmjs.org/glob-parent/-/glob-parent-5.1.2.tgz",
      "integrity": "sha512-AOIgSQCepiJYwP3ARnGx+5VnTu2HBYdzbGP45eLw1vr3zB3vZLeyed1sC9hnbcOc9/SrMyM5RPQrkGz4aS9Zow==",
      "dev": true,
      "requires": {
        "is-glob": "^4.0.1"
      }
    },
    "highlight.js": {
      "version": "11.9.0",
      "resolved": "https://registry.npmjs.org/highlight.js/-/highlight.js-11.9.0.tgz",
      "integrity": "sha512-fJ7cW7fQGCYAkgv4CPfwFHrfd/cLS4Hau96JuJ+ZTOWhjnhoeN1ub1tFmALm/+lW5z4WCAuAV9bm05AP0mS6Gw=="
    },
    "invariant": {
      "version": "2.2.4",
      "resolved": "https://registry.npmjs.org/invariant/-/invariant-2.2.4.tgz",
      "integrity": "sha512-phJfQVBuaJM5raOpJjSfkiD6BpbCE4Ns//LaXl6wGYtUBY83nWS6Rf9tXm2e8VaK60JEjYldbPif/A2B1C2gNA==",
      "requires": {
        "loose-envify": "^1.0.0"
      }
    },
    "is-extglob": {
      "version": "2.1.1",
      "resolved": "https://registry.npmjs.org/is-extglob/-/is-extglob-2.1.1.tgz",
      "integrity": "sha512-SbKbANkN603Vi4jEZv49LeVJMn4yGwsbzZworEoyEiutsN3nJYdbO36zfhGJ6QEDpOZIFkDtnq5JRxmvl3jsoQ==",
      "dev": true
    },
    "is-glob": {
      "version": "4.0.3",
      "resolved": "https://registry.npmjs.org/is-glob/-/is-glob-4.0.3.tgz",
      "integrity": "sha512-xelSayHH36ZgE7ZWhli7pW34hNbNl8Ojv5KVmkJD4hBdD3th8Tfk9vYasLM+mXWOZhFkgZfxhLSnrwRr4elSSg==",
      "dev": true,
      "requires": {
        "is-extglob": "^2.1.1"
      }
    },
    "is-number": {
      "version": "7.0.0",
      "resolved": "https://registry.npmjs.org/is-number/-/is-number-7.0.0.tgz",
      "integrity": "sha512-41Cifkg6e8TylSpdtTpeLVMqvSBEVzTttHvERD741+pnZ8ANv0004MRL43QKPDlK9cGvNp6NZWZUBlbGXYxxng==",
      "dev": true
    },
    "js-tokens": {
      "version": "4.0.0",
      "resolved": "https://registry.npmjs.org/js-tokens/-/js-tokens-4.0.0.tgz",
      "integrity": "sha512-RdJUflcE3cUzKiMqQgsCu06FPu9UdIJO0beYbPhHN4k6apgJtifcoCtT9bcxOpYBtpD2kCM6Sbzg4CausW/PKQ=="
    },
    "klona": {
      "version": "2.0.6",
      "resolved": "https://registry.npmjs.org/klona/-/klona-2.0.6.tgz",
      "integrity": "sha512-dhG34DXATL5hSxJbIexCft8FChFXtmskoZYnoPWjXQuebWYCNkVeV3KkGegCK9CP1oswI/vQibS2GY7Em/sJJA=="
    },
    "linkifyjs": {
      "version": "4.1.1",
      "resolved": "https://registry.npmjs.org/linkifyjs/-/linkifyjs-4.1.1.tgz",
      "integrity": "sha512-zFN/CTVmbcVef+WaDXT63dNzzkfRBKT1j464NJQkV7iSgJU0sLBus9W0HBwnXK13/hf168pbrx/V/bjEHOXNHA=="
    },
    "loose-envify": {
      "version": "1.4.0",
      "resolved": "https://registry.npmjs.org/loose-envify/-/loose-envify-1.4.0.tgz",
      "integrity": "sha512-lyuxPGr/Wfhrlem2CL/UcnUc1zcqKAImBDzukY7Y5F/yQiNdko6+fRLevlw1HgMySw7f611UIY408EtxRSoK3Q==",
      "requires": {
        "js-tokens": "^3.0.0 || ^4.0.0"
      }
    },
    "merge2": {
      "version": "1.4.1",
      "resolved": "https://registry.npmjs.org/merge2/-/merge2-1.4.1.tgz",
      "integrity": "sha512-8q7VEgMJW4J8tcfVPy8g09NcQwZdbwFEqhe/WZkoIzjn/3TGDwtOCYtXGxA3O8tPzpczCCDgv+P2P5y00ZJOOg==",
      "dev": true
    },
    "micromatch": {
      "version": "4.0.5",
      "resolved": "https://registry.npmjs.org/micromatch/-/micromatch-4.0.5.tgz",
      "integrity": "sha512-DMy+ERcEW2q8Z2Po+WNXuw3c5YaUSFjAO5GsJqfEl7UjvtIuFKO6ZrKvcItdy98dwFI2N1tg3zNIdKaQT+aNdA==",
      "dev": true,
      "requires": {
        "braces": "^3.0.2",
        "picomatch": "^2.3.1"
      }
    },
    "nanoid": {
      "version": "3.3.6",
      "resolved": "https://registry.npmjs.org/nanoid/-/nanoid-3.3.6.tgz",
      "integrity": "sha512-BGcqMMJuToF7i1rt+2PWSNVnWIkGCU78jBG3RxO/bZlnZPK2Cmi2QaffxGO/2RvWi9sL+FAiRiXMgsyxQ1DIDA==",
      "dev": true
    },
    "object-assign": {
      "version": "4.1.1",
      "resolved": "https://registry.npmjs.org/object-assign/-/object-assign-4.1.1.tgz",
      "integrity": "sha512-rJgTQnkUnH1sFw8yT6VSU3zD3sWmu6sZhIseY8VX+GRu3P6F7Fu+JNDoXfklElbLJSnc3FUQHVe4cU5hj+BcUg=="
    },
    "picocolors": {
      "version": "1.0.0",
      "resolved": "https://registry.npmjs.org/picocolors/-/picocolors-1.0.0.tgz",
      "integrity": "sha512-1fygroTLlHu66zi26VoTDv8yRgm0Fccecssto+MhsZ0D/DGW2sm8E8AjW7NU5VVTRt5GxbeZ5qBuJr+HyLYkjQ==",
      "dev": true
    },
    "picomatch": {
      "version": "2.3.1",
      "resolved": "https://registry.npmjs.org/picomatch/-/picomatch-2.3.1.tgz",
      "integrity": "sha512-JU3teHTNjmE2VCGFzuY8EXzCDVwEqB2a8fsIvwaStHhAWJEeVd1o1QD80CU6+ZdEXXSLbSsuLwJjkCBWqRQUVA==",
      "dev": true
    },
    "postcss": {
      "version": "8.4.31",
      "resolved": "https://registry.npmjs.org/postcss/-/postcss-8.4.31.tgz",
      "integrity": "sha512-PS08Iboia9mts/2ygV3eLpY5ghnUcfLV/EXTOW1E2qYxJKGGBUtNjN76FYHnMs36RmARn41bC0AZmn+rR0OVpQ==",
      "dev": true,
      "requires": {
        "nanoid": "^3.3.6",
        "picocolors": "^1.0.0",
        "source-map-js": "^1.0.2"
      }
    },
    "postcss-js": {
      "version": "4.0.1",
      "resolved": "https://registry.npmjs.org/postcss-js/-/postcss-js-4.0.1.tgz",
      "integrity": "sha512-dDLF8pEO191hJMtlHFPRa8xsizHaM82MLfNkUHdUtVEV3tgTp5oj+8qbEqYM57SLfc74KSbw//4SeJma2LRVIw==",
      "dev": true,
      "requires": {
        "camelcase-css": "^2.0.1"
      }
    },
    "postcss-mixins": {
      "version": "9.0.4",
      "resolved": "https://registry.npmjs.org/postcss-mixins/-/postcss-mixins-9.0.4.tgz",
      "integrity": "sha512-XVq5jwQJDRu5M1XGkdpgASqLk37OqkH4JCFDXl/Dn7janOJjCTEKL+36cnRVy7bMtoBzALfO7bV7nTIsFnUWLA==",
      "dev": true,
      "requires": {
        "fast-glob": "^3.2.11",
        "postcss-js": "^4.0.0",
        "postcss-simple-vars": "^7.0.0",
        "sugarss": "^4.0.1"
      }
    },
    "postcss-nested": {
      "version": "6.0.1",
      "resolved": "https://registry.npmjs.org/postcss-nested/-/postcss-nested-6.0.1.tgz",
      "integrity": "sha512-mEp4xPMi5bSWiMbsgoPfcP74lsWLHkQbZc3sY+jWYd65CUwXrUaTp0fmNpa01ZcETKlIgUdFN/MpS2xZtqL9dQ==",
      "dev": true,
      "requires": {
        "postcss-selector-parser": "^6.0.11"
      }
    },
    "postcss-preset-mantine": {
      "version": "1.9.0",
      "resolved": "https://registry.npmjs.org/postcss-preset-mantine/-/postcss-preset-mantine-1.9.0.tgz",
      "integrity": "sha512-ZurmjL+5UK9FZq4GGKOoksC7UMVFZVXxRMO0WwQAiMeElZ8jPXIXIALnwdQhslyoVDzpezkRuHYtXGo65DwvqA==",
      "dev": true,
      "requires": {
        "postcss-mixins": "^9.0.4",
        "postcss-nested": "^6.0.1"
      }
    },
    "postcss-selector-parser": {
      "version": "6.0.13",
      "resolved": "https://registry.npmjs.org/postcss-selector-parser/-/postcss-selector-parser-6.0.13.tgz",
      "integrity": "sha512-EaV1Gl4mUEV4ddhDnv/xtj7sxwrwxdetHdWUGnT4VJQf+4d05v6lHYZr8N573k5Z0BViss7BDhfWtKS3+sfAqQ==",
      "dev": true,
      "requires": {
        "cssesc": "^3.0.0",
        "util-deprecate": "^1.0.2"
      }
    },
    "postcss-simple-vars": {
      "version": "7.0.1",
      "resolved": "https://registry.npmjs.org/postcss-simple-vars/-/postcss-simple-vars-7.0.1.tgz",
      "integrity": "sha512-5GLLXaS8qmzHMOjVxqkk1TZPf1jMqesiI7qLhnlyERalG0sMbHIbJqrcnrpmZdKCLglHnRHoEBB61RtGTsj++A==",
      "dev": true
    },
    "prop-types": {
      "version": "15.8.1",
      "resolved": "https://registry.npmjs.org/prop-types/-/prop-types-15.8.1.tgz",
      "integrity": "sha512-oj87CgZICdulUohogVAR7AjlC0327U4el4L6eAvOqCeudMDVU0NThNaV+b9Df4dXgSP1gXMTnPdhfe/2qDH5cg==",
      "requires": {
        "loose-envify": "^1.4.0",
        "object-assign": "^4.1.1",
        "react-is": "^16.13.1"
      }
    },
    "queue-microtask": {
      "version": "1.2.3",
      "resolved": "https://registry.npmjs.org/queue-microtask/-/queue-microtask-1.2.3.tgz",
      "integrity": "sha512-NuaNSa6flKT5JaSYQzJok04JzTL1CA6aGhv5rfLW3PgqA+M2ChpZQnAC8h8i4ZFkBS8X5RqkDBHA7r4hej3K9A==",
      "dev": true
    },
    "react-is": {
      "version": "16.13.1",
      "resolved": "https://registry.npmjs.org/react-is/-/react-is-16.13.1.tgz",
      "integrity": "sha512-24e6ynE2H+OKt4kqsOvNd8kBpV65zoxbA4BVsEOB3ARVWQki/DHzaUoC5KuON/BiccDaCCTZBuOcfZs70kR8bQ=="
    },
    "react-number-format": {
      "version": "5.3.1",
      "resolved": "https://registry.npmjs.org/react-number-format/-/react-number-format-5.3.1.tgz",
      "integrity": "sha512-qpYcQLauIeEhCZUZY9jXZnnroOtdy3jYaS1zQ3M1Sr6r/KMOBEIGNIb7eKT19g2N1wbYgFgvDzs19hw5TrB8XQ==",
      "requires": {
        "prop-types": "^15.7.2"
      }
    },
    "react-remove-scroll": {
      "version": "2.5.7",
      "resolved": "https://registry.npmjs.org/react-remove-scroll/-/react-remove-scroll-2.5.7.tgz",
      "integrity": "sha512-FnrTWO4L7/Bhhf3CYBNArEG/yROV0tKmTv7/3h9QCFvH6sndeFf1wPqOcbFVu5VAulS5dV1wGT3GZZ/1GawqiA==",
      "requires": {
        "react-remove-scroll-bar": "^2.3.4",
        "react-style-singleton": "^2.2.1",
        "tslib": "^2.1.0",
        "use-callback-ref": "^1.3.0",
        "use-sidecar": "^1.1.2"
      }
    },
    "react-remove-scroll-bar": {
      "version": "2.3.4",
      "resolved": "https://registry.npmjs.org/react-remove-scroll-bar/-/react-remove-scroll-bar-2.3.4.tgz",
      "integrity": "sha512-63C4YQBUt0m6ALadE9XV56hV8BgJWDmmTPY758iIJjfQKt2nYwoUrPk0LXRXcB/yIj82T1/Ixfdpdk68LwIB0A==",
      "requires": {
        "react-style-singleton": "^2.2.1",
        "tslib": "^2.0.0"
      }
    },
    "react-style-singleton": {
      "version": "2.2.1",
      "resolved": "https://registry.npmjs.org/react-style-singleton/-/react-style-singleton-2.2.1.tgz",
      "integrity": "sha512-ZWj0fHEMyWkHzKYUr2Bs/4zU6XLmq9HsgBURm7g5pAVfyn49DgUiNgY2d4lXRlYSiCif9YBGpQleewkcqddc7g==",
      "requires": {
        "get-nonce": "^1.0.0",
        "invariant": "^2.2.4",
        "tslib": "^2.0.0"
      }
    },
    "react-textarea-autosize": {
      "version": "8.5.3",
      "resolved": "https://registry.npmjs.org/react-textarea-autosize/-/react-textarea-autosize-8.5.3.tgz",
      "integrity": "sha512-XT1024o2pqCuZSuBt9FwHlaDeNtVrtCXu0Rnz88t1jUGheCLa3PhjE1GH8Ctm2axEtvdCl5SUHYschyQ0L5QHQ==",
      "requires": {
        "@babel/runtime": "^7.20.13",
        "use-composed-ref": "^1.3.0",
        "use-latest": "^1.2.1"
      }
    },
    "react-transition-group": {
      "version": "4.4.5",
      "resolved": "https://registry.npmjs.org/react-transition-group/-/react-transition-group-4.4.5.tgz",
      "integrity": "sha512-pZcd1MCJoiKiBR2NRxeCRg13uCXbydPnmB4EOeRrY7480qNWO8IIgQG6zlDkm6uRMsURXPuKq0GWtiM59a5Q6g==",
      "requires": {
        "@babel/runtime": "^7.5.5",
        "dom-helpers": "^5.0.1",
        "loose-envify": "^1.4.0",
        "prop-types": "^15.6.2"
      }
    },
    "regenerator-runtime": {
      "version": "0.14.0",
      "resolved": "https://registry.npmjs.org/regenerator-runtime/-/regenerator-runtime-0.14.0.tgz",
      "integrity": "sha512-srw17NI0TUWHuGa5CFGGmhfNIeja30WMBfbslPNhf6JrqQlLN5gcrvig1oqPxiVaXb0oW0XRKtH6Nngs5lKCIA=="
    },
    "reusify": {
      "version": "1.0.4",
      "resolved": "https://registry.npmjs.org/reusify/-/reusify-1.0.4.tgz",
      "integrity": "sha512-U9nH88a3fc/ekCF1l0/UP1IosiuIjyTh7hBvXVMHYgVcfGvt897Xguj2UOLDeI5BG2m7/uwyaLVT6fbtCwTyzw==",
      "dev": true
    },
    "run-parallel": {
      "version": "1.2.0",
      "resolved": "https://registry.npmjs.org/run-parallel/-/run-parallel-1.2.0.tgz",
      "integrity": "sha512-5l4VyZR86LZ/lDxZTR6jqL8AFE2S0IFLMP26AbjsLVADxHdhB/c0GUsH+y39UfCi3dzz8OlQuPmnaJOMoDHQBA==",
      "dev": true,
      "requires": {
        "queue-microtask": "^1.2.2"
      }
    },
    "source-map-js": {
      "version": "1.0.2",
      "resolved": "https://registry.npmjs.org/source-map-js/-/source-map-js-1.0.2.tgz",
      "integrity": "sha512-R0XvVJ9WusLiqTCEiGCmICCMplcCkIwwR11mOSD9CR5u+IXYdiseeEuXCVAjS54zqwkLcPNnmU4OeJ6tUrWhDw==",
      "dev": true
    },
    "sugarss": {
      "version": "4.0.1",
      "resolved": "https://registry.npmjs.org/sugarss/-/sugarss-4.0.1.tgz",
      "integrity": "sha512-WCjS5NfuVJjkQzK10s8WOBY+hhDxxNt/N6ZaGwxFZ+wN3/lKKFSaaKUNecULcTTvE4urLcKaZFQD8vO0mOZujw==",
      "dev": true
    },
    "tabbable": {
      "version": "6.2.0",
      "resolved": "https://registry.npmjs.org/tabbable/-/tabbable-6.2.0.tgz",
      "integrity": "sha512-Cat63mxsVJlzYvN51JmVXIgNoUokrIaT2zLclCXjRd8boZ0004U4KCs/sToJ75C6sdlByWxpYnb5Boif1VSFew=="
    },
    "tippy.js": {
      "version": "6.3.7",
      "resolved": "https://registry.npmjs.org/tippy.js/-/tippy.js-6.3.7.tgz",
      "integrity": "sha512-E1d3oP2emgJ9dRQZdf3Kkn0qJgI6ZLpyS5z6ZkY1DF3kaQaBsGZsndEpHwx+eC+tYM41HaSNvNtLx8tU57FzTQ==",
      "requires": {
        "@popperjs/core": "^2.9.0"
      }
    },
    "to-regex-range": {
      "version": "5.0.1",
      "resolved": "https://registry.npmjs.org/to-regex-range/-/to-regex-range-5.0.1.tgz",
      "integrity": "sha512-65P7iz6X5yEr1cwcgvQxbbIw7Uk3gOy5dIdtZ4rDveLqhrdJP+Li/Hx6tyK0NEb+2GCyneCMJiGqrADCSNk8sQ==",
      "dev": true,
      "requires": {
        "is-number": "^7.0.0"
      }
    },
    "tslib": {
      "version": "2.6.2",
      "resolved": "https://registry.npmjs.org/tslib/-/tslib-2.6.2.tgz",
      "integrity": "sha512-AEYxH93jGFPn/a2iVAwW87VuUIkR1FVUKB77NwMF7nBTDkDrrT/Hpt/IrCJ0QXhW27jTBDcf5ZY7w6RiqTMw2Q=="
    },
    "type-fest": {
      "version": "3.13.1",
      "resolved": "https://registry.npmjs.org/type-fest/-/type-fest-3.13.1.tgz",
      "integrity": "sha512-tLq3bSNx+xSpwvAJnzrK0Ep5CLNWjvFTOp71URMaAEWBfRb9nnJiBoUe0tF8bI4ZFO3omgBR6NvnbzVUT3Ly4g=="
    },
    "use-callback-ref": {
      "version": "1.3.0",
      "resolved": "https://registry.npmjs.org/use-callback-ref/-/use-callback-ref-1.3.0.tgz",
      "integrity": "sha512-3FT9PRuRdbB9HfXhEq35u4oZkvpJ5kuYbpqhCfmiZyReuRgpnhDlbr2ZEnnuS0RrJAPn6l23xjFg9kpDM+Ms7w==",
      "requires": {
        "tslib": "^2.0.0"
      }
    },
    "use-composed-ref": {
      "version": "1.3.0",
      "resolved": "https://registry.npmjs.org/use-composed-ref/-/use-composed-ref-1.3.0.tgz",
      "integrity": "sha512-GLMG0Jc/jiKov/3Ulid1wbv3r54K9HlMW29IWcDFPEqFkSO2nS0MuefWgMJpeHQ9YJeXDL3ZUF+P3jdXlZX/cQ=="
    },
    "use-isomorphic-layout-effect": {
      "version": "1.1.2",
      "resolved": "https://registry.npmjs.org/use-isomorphic-layout-effect/-/use-isomorphic-layout-effect-1.1.2.tgz",
      "integrity": "sha512-49L8yCO3iGT/ZF9QttjwLF/ZD9Iwto5LnH5LmEdk/6cFmXddqi2ulF0edxTwjj+7mqvpVVGQWvbXZdn32wRSHA=="
    },
    "use-latest": {
      "version": "1.2.1",
      "resolved": "https://registry.npmjs.org/use-latest/-/use-latest-1.2.1.tgz",
      "integrity": "sha512-xA+AVm/Wlg3e2P/JiItTziwS7FK92LWrDB0p+hgXloIMuVCeJJ8v6f0eeHyPZaJrM+usM1FkFfbNCrJGs8A/zw==",
      "requires": {
        "use-isomorphic-layout-effect": "^1.1.1"
      }
    },
    "use-sidecar": {
      "version": "1.1.2",
      "resolved": "https://registry.npmjs.org/use-sidecar/-/use-sidecar-1.1.2.tgz",
      "integrity": "sha512-epTbsLuzZ7lPClpz2TyryBfztm7m+28DlEv2ZCQ3MDr5ssiwyOwGH/e5F9CkfWjJ1t4clvI58yF822/GUkjjhw==",
      "requires": {
        "detect-node-es": "^1.1.0",
        "tslib": "^2.0.0"
      }
    },
    "util-deprecate": {
      "version": "1.0.2",
      "resolved": "https://registry.npmjs.org/util-deprecate/-/util-deprecate-1.0.2.tgz",
      "integrity": "sha512-EPD5q1uXyFxJpCrLnCc1nHnq3gOa6DZBocAIiI2TaSCA7VCJ1UJDMagCzIkXNsUYfD1daK//LTEQ8xiIbrHtcw==",
      "dev": true
    }
  }
}
